Microsoft Visual Studio Solution File, Format Version 12.00
# Visual Studio 2012
Project("{FAE04EC0-301F-11D3-BF4B-00C04F79EFBC}") = "CoffeeGem", "CoffeeGem.csproj", "{9DF6CBEF-AE24-46A2-AD94-8A8ACA6AB1BB}"
EndProject
Global
	GlobalSection(SolutionConfigurationPlatforms) = preSolution
	Debug|Any CPU = Debug|Any CPU
	ExportDebug|Any CPU = ExportDebug|Any CPU
	ExportRelease|Any CPU = ExportRelease|Any CPU
	EndGlobalSection
	GlobalSection(ProjectConfigurationPlatforms) = postSolution
		{9DF6CBEF-AE24-46A2-AD94-8A8ACA6AB1BB}.Debug|Any CPU.ActiveCfg = Debug|Any CPU
		{9DF6CBEF-AE24-46A2-AD94-8A8ACA6AB1BB}.Debug|Any CPU.Build.0 = Debug|Any CPU
		{9DF6CBEF-AE24-46A2-AD94-8A8ACA6AB1BB}.ExportDebug|Any CPU.ActiveCfg = ExportDebug|Any CPU
		{9DF6CBEF-AE24-46A2-AD94-8A8ACA6AB1BB}.ExportDebug|Any CPU.Build.0 = ExportDebug|Any CPU
		{9DF6CBEF-AE24-46A2-AD94-8A8ACA6AB1BB}.ExportRelease|Any CPU.ActiveCfg = ExportRelease|Any CPU
		{9DF6CBEF-AE24-46A2-AD94-8A8ACA6AB1BB}.ExportRelease|Any CPU.Build.0 = ExportRelease|Any CPU
	EndGlobalSection
EndGlobal
